
Microsoft Visual Studio Solution File, Format Version 12.00
# Visual Studio 15
VisualStudioVersion = 15.0.28010.2041
MinimumVisualStudioVersion = 10.0.40219.1
Project("{FAE04EC0-301F-11D3-BF4B-00C04F79EFBC}") = "Gestures.iOS", "Gestures\Gestures\Gestures.iOS\Gestures.iOS.csproj", "{ED5D385E-1D4E-4352-8650-70589192B258}"
EndProject
Project("{FAE04EC0-301F-11D3-BF4B-00C04F79EFBC}") = "Gestures", "Gestures\Gestures\Gestures\Gestures.csproj", "{9F96BA5C-FCD3-4D2D-A057-E75614046F3A}"
EndProject
Global
	GlobalSection(SolutionConfigurationPlatforms) = preSolution
		Ad-Hoc|Any CPU = Ad-Hoc|Any CPU
		Ad-Hoc|iPhone = Ad-Hoc|iPhone
		Ad-Hoc|iPhoneSimulator = Ad-Hoc|iPhoneSimulator
		AppStore|Any CPU = AppStore|Any CPU
		AppStore|iPhone = AppStore|iPhone
		AppStore|iPhoneSimulator = AppStore|iPhoneSimulator
		Debug|Any CPU = Debug|Any CPU
		Debug|iPhone = Debug|iPhone
		Debug|iPhoneSimulator = Debug|iPhoneSimulator
		Release|Any CPU = Release|Any CPU
		Release|iPhone = Release|iPhone
		Release|iPhoneSimulator = Release|iPhoneSimulator
	EndGlobalSection
	GlobalSection(ProjectConfigurationPlatforms) = postSolution
		{03323932-96F6-4652-A621-102F93FEB5BD}.Ad-Hoc|Any CPU.ActiveCfg = Release|Any CPU
		{03323932-96F6-4652-A621-102F93FEB5BD}.Ad-Hoc|Any CPU.Build.0 = Release|Any CPU
		{03323932-96F6-4652-A621-102F93FEB5BD}.Ad-Hoc|Any CPU.Deploy.0 = Release|Any CPU
		{03323932-96F6-4652-A621-102F93FEB5BD}.Ad-Hoc|iPhone.ActiveCfg = Release|Any CPU
		{03323932-96F6-4652-A621-102F93FEB5BD}.Ad-Hoc|iPhone.Build.0 = Release|Any CPU
		{03323932-96F6-4652-A621-102F93FEB5BD}.Ad-Hoc|iPhone.Deploy.0 = Release|Any CPU
		{03323932-96F6-4652-A621-102F93FEB5BD}.Ad-Hoc|iPhoneSimulator.ActiveCfg = Release|Any CPU
		{03323932-96F6-4652-A621-102F93FEB5BD}.Ad-Hoc|iPhoneSimulator.Build.0 = Release|Any CPU
		{03323932-96F6-4652-A621-102F93FEB5BD}.Ad-Hoc|iPhoneSimulator.Deploy.0 = Release|Any CPU
		{03323932-96F6-4652-A621-102F93FEB5BD}.AppStore|Any CPU.ActiveCfg = Release|Any CPU
		{03323932-96F6-4652-A621-102F93FEB5BD}.AppStore|Any CPU.Build.0 = Release|Any CPU
		{03323932-96F6-4652-A621-102F93FEB5BD}.AppStore|Any CPU.Deploy.0 = Release|Any CPU
		{03323932-96F6-4652-A621-102F93FEB5BD}.AppStore|iPhone.ActiveCfg = Release|Any CPU
		{03323932-96F6-4652-A621-102F93FEB5BD}.AppStore|iPhone.Build.0 = Release|Any CPU
		{03323932-96F6-4652-A621-102F93FEB5BD}.AppStore|iPhone.Deploy.0 = Release|Any CPU
		{03323932-96F6-4652-A621-102F93FEB5BD}.AppStore|iPhoneSimulator.ActiveCfg = Release|Any CPU
		{03323932-96F6-4652-A621-102F93FEB5BD}.AppStore|iPhoneSimulator.Build.0 = Release|Any CPU
		{03323932-96F6-4652-A621-102F93FEB5BD}.AppStore|iPhoneSimulator.Deploy.0 = Release|Any CPU
		{03323932-96F6-4652-A621-102F93FEB5BD}.Debug|Any CPU.ActiveCfg = Debug|Any CPU
		{03323932-96F6-4652-A621-102F93FEB5BD}.Debug|Any CPU.Build.0 = Debug|Any CPU
		{03323932-96F6-4652-A621-102F93FEB5BD}.Debug|Any CPU.Deploy.0 = Debug|Any CPU
		{03323932-96F6-4652-A621-102F93FEB5BD}.Debug|iPhone.ActiveCfg = Debug|Any CPU
		{03323932-96F6-4652-A621-102F93FEB5BD}.Debug|iPhone.Build.0 = Debug|Any CPU
		{03323932-96F6-4652-A621-102F93FEB5BD}.Debug|iPhone.Deploy.0 = Debug|Any CPU
		{03323932-96F6-4652-A621-102F93FEB5BD}.Debug|iPhoneSimulator.ActiveCfg = Debug|Any CPU
		{03323932-96F6-4652-A621-102F93FEB5BD}.Debug|iPhoneSimulator.Build.0 = Debug|Any CPU
		{03323932-96F6-4652-A621-102F93FEB5BD}.Debug|iPhoneSimulator.Deploy.0 = Debug|Any CPU
		{03323932-96F6-4652-A621-102F93FEB5BD}.Release|Any CPU.ActiveCfg = Release|Any CPU
		{03323932-96F6-4652-A621-102F93FEB5BD}.Release|Any CPU.Build.0 = Release|Any CPU
		{03323932-96F6-4652-A621-102F93FEB5BD}.Release|Any CPU.Deploy.0 = Release|Any CPU
		{03323932-96F6-4652-A621-102F93FEB5BD}.Release|iPhone.ActiveCfg = Release|Any CPU
		{03323932-96F6-4652-A621-102F93FEB5BD}.Release|iPhone.Build.0 = Release|Any CPU
		{03323932-96F6-4652-A621-102F93FEB5BD}.Release|iPhone.Deploy.0 = Release|Any CPU
		{03323932-96F6-4652-A621-102F93FEB5BD}.Release|iPhoneSimulator.ActiveCfg = Release|Any CPU
		{03323932-96F6-4652-A621-102F93FEB5BD}.Release|iPhoneSimulator.Build.0 = Release|Any CPU
		{03323932-96F6-4652-A621-102F93FEB5BD}.Release|iPhoneSimulator.Deploy.0 = Release|Any CPU
		{ED5D385E-1D4E-4352-8650-70589192B258}.Ad-Hoc|Any CPU.ActiveCfg = Ad-Hoc|iPhone
		{ED5D385E-1D4E-4352-8650-70589192B258}.Ad-Hoc|iPhone.ActiveCfg = Ad-Hoc|iPhone
		{ED5D385E-1D4E-4352-8650-70589192B258}.Ad-Hoc|iPhone.Build.0 = Ad-Hoc|iPhone
		{ED5D385E-1D4E-4352-8650-70589192B258}.Ad-Hoc|iPhoneSimulator.ActiveCfg = Ad-Hoc|iPhoneSimulator
		{ED5D385E-1D4E-4352-8650-70589192B258}.Ad-Hoc|iPhoneSimulator.Build.0 = Ad-Hoc|iPhoneSimulator
		{ED5D385E-1D4E-4352-8650-70589192B258}.AppStore|Any CPU.ActiveCfg = AppStore|iPhone
		{ED5D385E-1D4E-4352-8650-70589192B258}.AppStore|iPhone.ActiveCfg = AppStore|iPhone
		{ED5D385E-1D4E-4352-8650-70589192B258}.AppStore|iPhone.Build.0 = AppStore|iPhone
		{ED5D385E-1D4E-4352-8650-70589192B258}.AppStore|iPhoneSimulator.ActiveCfg = AppStore|iPhoneSimulator
		{ED5D385E-1D4E-4352-8650-70589192B258}.AppStore|iPhoneSimulator.Build.0 = AppStore|iPhoneSimulator
		{ED5D385E-1D4E-4352-8650-70589192B258}.Debug|Any CPU.ActiveCfg = Debug|iPhone
		{ED5D385E-1D4E-4352-8650-70589192B258}.Debug|iPhone.ActiveCfg = Debug|iPhone
		{ED5D385E-1D4E-4352-8650-70589192B258}.Debug|iPhone.Build.0 = Debug|iPhone
		{ED5D385E-1D4E-4352-8650-70589192B258}.Debug|iPhoneSimulator.ActiveCfg = Debug|iPhoneSimulator
		{ED5D385E-1D4E-4352-8650-70589192B258}.Debug|iPhoneSimulator.Build.0 = Debug|iPhoneSimulator
		{ED5D385E-1D4E-4352-8650-70589192B258}.Release|Any CPU.ActiveCfg = Release|iPhone
		{ED5D385E-1D4E-4352-8650-70589192B258}.Release|iPhone.ActiveCfg = Release|iPhone
		{ED5D385E-1D4E-4352-8650-70589192B258}.Release|iPhone.Build.0 = Release|iPhone
		{ED5D385E-1D4E-4352-8650-70589192B258}.Release|iPhoneSimulator.ActiveCfg = Release|iPhoneSimulator
		{ED5D385E-1D4E-4352-8650-70589192B258}.Release|iPhoneSimulator.Build.0 = Release|iPhoneSimulator
		{9F96BA5C-FCD3-4D2D-A057-E75614046F3A}.Ad-Hoc|Any CPU.ActiveCfg = Debug|Any CPU
		{9F96BA5C-FCD3-4D2D-A057-E75614046F3A}.Ad-Hoc|Any CPU.Build.0 = Debug|Any CPU
		{9F96BA5C-FCD3-4D2D-A057-E75614046F3A}.Ad-Hoc|iPhone.ActiveCfg = Debug|Any CPU
		{9F96BA5C-FCD3-4D2D-A057-E75614046F3A}.Ad-Hoc|iPhone.Build.0 = Debug|Any CPU
		{9F96BA5C-FCD3-4D2D-A057-E75614046F3A}.Ad-Hoc|iPhoneSimulator.ActiveCfg = Debug|Any CPU
		{9F96BA5C-FCD3-4D2D-A057-E75614046F3A}.Ad-Hoc|iPhoneSimulator.Build.0 = Debug|Any CPU
		{9F96BA5C-FCD3-4D2D-A057-E75614046F3A}.AppStore|Any CPU.ActiveCfg = Debug|Any CPU
		{9F96BA5C-FCD3-4D2D-A057-E75614046F3A}.AppStore|Any CPU.Build.0 = Debug|Any CPU
		{9F96BA5C-FCD3-4D2D-A057-E75614046F3A}.AppStore|iPhone.ActiveCfg = Debug|Any CPU
		{9F96BA5C-FCD3-4D2D-A057-E75614046F3A}.AppStore|iPhone.Build.0 = Debug|Any CPU
		{9F96BA5C-FCD3-4D2D-A057-E75614046F3A}.AppStore|iPhoneSimulator.ActiveCfg = Debug|Any CPU
		{9F96BA5C-FCD3-4D2D-A057-E75614046F3A}.AppStore|iPhoneSimulator.Build.0 = Debug|Any CPU
		{9F96BA5C-FCD3-4D2D-A057-E75614046F3A}.Debug|Any CPU.ActiveCfg = Debug|Any CPU
		{9F96BA5C-FCD3-4D2D-A057-E75614046F3A}.Debug|Any CPU.Build.0 = Debug|Any CPU
		{9F96BA5C-FCD3-4D2D-A057-E75614046F3A}.Debug|iPhone.ActiveCfg = Debug|Any CPU
		{9F96BA5C-FCD3-4D2D-A057-E75614046F3A}.Debug|iPhone.Build.0 = Debug|Any CPU
		{9F96BA5C-FCD3-4D2D-A057-E75614046F3A}.Debug|iPhoneSimulator.ActiveCfg = Debug|Any CPU
		{9F96BA5C-FCD3-4D2D-A057-E75614046F3A}.Debug|iPhoneSimulator.Build.0 = Debug|Any CPU
		{9F96BA5C-FCD3-4D2D-A057-E75614046F3A}.Release|Any CPU.ActiveCfg = Release|Any CPU
		{9F96BA5C-FCD3-4D2D-A057-E75614046F3A}.Release|Any CPU.Build.0 = Release|Any CPU
		{9F96BA5C-FCD3-4D2D-A057-E75614046F3A}.Release|iPhone.ActiveCfg = Release|Any CPU
		{9F96BA5C-FCD3-4D2D-A057-E75614046F3A}.Release|iPhone.Build.0 = Release|Any CPU
		{9F96BA5C-FCD3-4D2D-A057-E75614046F3A}.Release|iPhoneSimulator.ActiveCfg = Release|Any CPU
		{9F96BA5C-FCD3-4D2D-A057-E75614046F3A}.Release|iPhoneSimulator.Build.0 = Release|Any CPU
	EndGlobalSection
	GlobalSection(SolutionProperties) = preSolution
		HideSolutionNode = FALSE
	EndGlobalSection
	GlobalSection(ExtensibilityGlobals) = postSolution
		SolutionGuid = {64059D97-04D2-48E0-8C15-7B26ACA0E11D}
	EndGlobalSection
EndGlobal
